
Microsoft Visual Studio Solution File, Format Version 12.00
# Visual Studio Version 17
VisualStudioVersion = 17.10.35027.167
MinimumVisualStudioVersion = 10.0.40219.1
Project("{FAE04EC0-301F-11D3-BF4B-00C04F79EFBC}") = "Unique In Order", "Unique In Order\Unique In Order.csproj", "{6E48B67D-BCC8-45FE-9570-A42EBBC5940C}"
EndProject
Global
	GlobalSection(SolutionConfigurationPlatforms) = preSolution
		Debug|Any CPU = Debug|Any CPU
		Release|Any CPU = Release|Any CPU
	EndGlobalSection
	GlobalSection(ProjectConfigurationPlatforms) = postSolution
		{6E48B67D-BCC8-45FE-9570-A42EBBC5940C}.Debug|Any CPU.ActiveCfg = Debug|Any CPU
		{6E48B67D-BCC8-45FE-9570-A42EBBC5940C}.Debug|Any CPU.Build.0 = Debug|Any CPU
		{6E48B67D-BCC8-45FE-9570-A42EBBC5940C}.Release|Any CPU.ActiveCfg = Release|Any CPU
		{6E48B67D-BCC8-45FE-9570-A42EBBC5940C}.Release|Any CPU.Build.0 = Release|Any CPU
	EndGlobalSection
	GlobalSection(SolutionProperties) = preSolution
		HideSolutionNode = FALSE
	EndGlobalSection
	GlobalSection(ExtensibilityGlobals) = postSolution
		SolutionGuid = {9AAD9C01-2DE3-4B04-A8C4-602072276FE1}
	EndGlobalSection
EndGlobal
